
Microsoft Visual Studio Solution File, Format Version 12.00
# Visual Studio Version 17
VisualStudioVersion = 17.8.34408.163
MinimumVisualStudioVersion = 10.0.40219.1
Project("{FAE04EC0-301F-11D3-BF4B-00C04F79EFBC}") = "ProjetoMVC_Treino", "ProjetoMVC_Treino\ProjetoMVC_Treino.csproj", "{A74234D1-5E9E-4135-9B6D-DB34788FAE2A}"
EndProject
Global
	GlobalSection(SolutionConfigurationPlatforms) = preSolution
		Debug|Any CPU = Debug|Any CPU
		Release|Any CPU = Release|Any CPU
	EndGlobalSection
	GlobalSection(ProjectConfigurationPlatforms) = postSolution
		{A74234D1-5E9E-4135-9B6D-DB34788FAE2A}.Debug|Any CPU.ActiveCfg = Debug|Any CPU
		{A74234D1-5E9E-4135-9B6D-DB34788FAE2A}.Debug|Any CPU.Build.0 = Debug|Any CPU
		{A74234D1-5E9E-4135-9B6D-DB34788FAE2A}.Release|Any CPU.ActiveCfg = Release|Any CPU
		{A74234D1-5E9E-4135-9B6D-DB34788FAE2A}.Release|Any CPU.Build.0 = Release|Any CPU
	EndGlobalSection
	GlobalSection(SolutionProperties) = preSolution
		HideSolutionNode = FALSE
	EndGlobalSection
	GlobalSection(ExtensibilityGlobals) = postSolution
		SolutionGuid = {704EF3B2-761A-467D-8C2D-CC6DAA213CCF}
	EndGlobalSection
EndGlobal
